// !$*UTF8*$!
{
	archiveVersion = 1;
	classes = {
	};
	objectVersion = 50;
	objects = {

/* Begin PBXBuildFile section */
		A20A5FA62C19DC1B24FD73F5 /* Pods_messagingappTests.framework in Frameworks */ = {isa = PBXBuildFile; fileRef = 0594FD02CCABE03405466F7E /* Pods_messagingappTests.framework */; };
		A2C70156A6901DC757ABDAF2 /* Pods_messagingappUITests.framework in Frameworks */ = {isa = PBXBuildFile; fileRef = E166ACFCDDBDF8675BC5C4A2 /* Pods_messagingappUITests.framework */; };
		BE8DFFAFCC111BC80448697D /* Pods_messagingapp.framework in Frameworks */ = {isa = PBXBuildFile; fileRef = 90271C22241C6C930661E3CC /* Pods_messagingapp.framework */; };
		F55C890020B779C9001100C1 /* AppDelegate.swift in Sources */ = {isa = PBXBuildFile; fileRef = F55C88FF20B779C9001100C1 /* AppDelegate.swift */; };
		F55C890220B779C9001100C1 /* LoginScreenViewController.swift in Sources */ = {isa = PBXBuildFile; fileRef = F55C890120B779C9001100C1 /* LoginScreenViewController.swift */; };
		F55C890520B779C9001100C1 /* Main.storyboard in Resources */ = {isa = PBXBuildFile; fileRef = F55C890320B779C9001100C1 /* Main.storyboard */; };
		F55C890720B779CA001100C1 /* Assets.xcassets in Resources */ = {isa = PBXBuildFile; fileRef = F55C890620B779CA001100C1 /* Assets.xcassets */; };
		F55C890A20B779CA001100C1 /* LaunchScreen.storyboard in Resources */ = {isa = PBXBuildFile; fileRef = F55C890820B779CA001100C1 /* LaunchScreen.storyboard */; };
		F55C891520B779CA001100C1 /* messagingappTests.swift in Sources */ = {isa = PBXBuildFile; fileRef = F55C891420B779CA001100C1 /* messagingappTests.swift */; };
		F55C892020B779CA001100C1 /* messagingappUITests.swift in Sources */ = {isa = PBXBuildFile; fileRef = F55C891F20B779CA001100C1 /* messagingappUITests.swift */; };
		F55C892E20B77F5B001100C1 /* GoogleService-Info.plist in Resources */ = {isa = PBXBuildFile; fileRef = F55C892D20B77F5B001100C1 /* GoogleService-Info.plist */; };
		F5994D7020B786450071DEEF /* MessageListViewController.swift in Sources */ = {isa = PBXBuildFile; fileRef = F5994D6F20B786450071DEEF /* MessageListViewController.swift */; };
		F5994D7220B786FF0071DEEF /* MessageEditorViewController.swift in Sources */ = {isa = PBXBuildFile; fileRef = F5994D7120B786FF0071DEEF /* MessageEditorViewController.swift */; };
/* End PBXBuildFile section */

/* Begin PBXContainerItemProxy section */
		F55C891120B779CA001100C1 /* PBXContainerItemProxy */ = {
			isa = PBXContainerItemProxy;
			containerPortal = F55C88F420B779C9001100C1 /* Project object */;
			proxyType = 1;
			remoteGlobalIDString = F55C88FB20B779C9001100C1;
			remoteInfo = messagingapp;
		};
		F55C891C20B779CA001100C1 /* PBXContainerItemProxy */ = {
			isa = PBXContainerItemProxy;
			containerPortal = F55C88F420B779C9001100C1 /* Project object */;
			proxyType = 1;
			remoteGlobalIDString = F55C88FB20B779C9001100C1;
			remoteInfo = messagingapp;
		};
/* End PBXContainerItemProxy section */

/* Begin PBXFileReference section */
		0594FD02CCABE03405466F7E /* Pods_messagingappTests.framework */ = {isa = PBXFileReference; explicitFileType = wrapper.framework; includeInIndex = 0; path = Pods_messagingappTests.framework; sourceTree = BUILT_PRODUCTS_DIR; };
		5F262D135DA5DA2086D43BB3 /* Pods-messagingappTests.release.xcconfig */ = {isa = PBXFileReference; includeInIndex = 1; lastKnownFileType = text.xcconfig; name = "Pods-messagingappTests.release.xcconfig"; path = "Pods/Target Support Files/Pods-messagingappTests/Pods-messagingappTests.release.xcconfig"; sourceTree = "<group>"; };
		61AD7560DDA2CF25F05E9FB6 /* Pods-messagingappUITests.release.xcconfig */ = {isa = PBXFileReference; includeInIndex = 1; lastKnownFileType = text.xcconfig; name = "Pods-messagingappUITests.release.xcconfig"; path = "Pods/Target Support Files/Pods-messagingappUITests/Pods-messagingappUITests.release.xcconfig"; sourceTree = "<group>"; };
		90271C22241C6C930661E3CC /* Pods_messagingapp.framework */ = {isa = PBXFileReference; explicitFileType = wrapper.framework; includeInIndex = 0; path = Pods_messagingapp.framework; sourceTree = BUILT_PRODUCTS_DIR; };
		A6B053A4CEE5763828067111 /* Pods-messagingapp.release.xcconfig */ = {isa = PBXFileReference; includeInIndex = 1; lastKnownFileType = text.xcconfig; name = "Pods-messagingapp.release.xcconfig"; path = "Pods/Target Support Files/Pods-messagingapp/Pods-messagingapp.release.xcconfig"; sourceTree = "<group>"; };
		BB6F24BB70D10DFC8B8538B1 /* Pods-messagingappTests.debug.xcconfig */ = {isa = PBXFileReference; includeInIndex = 1; lastKnownFileType = text.xcconfig; name = "Pods-messagingappTests.debug.xcconfig"; path = "Pods/Target Support Files/Pods-messagingappTests/Pods-messagingappTests.debug.xcconfig"; sourceTree = "<group>"; };
		C2C277DD624750EED3BDC9D6 /* Pods-messagingapp.debug.xcconfig */ = {isa = PBXFileReference; includeInIndex = 1; lastKnownFileType = text.xcconfig; name = "Pods-messagingapp.debug.xcconfig"; path = "Pods/Target Support Files/Pods-messagingapp/Pods-messagingapp.debug.xcconfig"; sourceTree = "<group>"; };
		D7AC058A6151AA88C36F6633 /* Pods-messagingappUITests.debug.xcconfig */ = {isa = PBXFileReference; includeInIndex = 1; lastKnownFileType = text.xcconfig; name = "Pods-messagingappUITests.debug.xcconfig"; path = "Pods/Target Support Files/Pods-messagingappUITests/Pods-messagingappUITests.debug.xcconfig"; sourceTree = "<group>"; };
		E166ACFCDDBDF8675BC5C4A2 /* Pods_messagingappUITests.framework */ = {isa = PBXFileReference; explicitFileType = wrapper.framework; includeInIndex = 0; path = Pods_messagingappUITests.framework; sourceTree = BUILT_PRODUCTS_DIR; };
		F55C88FC20B779C9001100C1 /* messagingapp.app */ = {isa = PBXFileReference; explicitFileType = wrapper.application; includeInIndex = 0; path = messagingapp.app; sourceTree = BUILT_PRODUCTS_DIR; };
		F55C88FF20B779C9001100C1 /* AppDelegate.swift */ = {isa = PBXFileReference; lastKnownFileType = sourcecode.swift; path = AppDelegate.swift; sourceTree = "<group>"; };
		F55C890120B779C9001100C1 /* LoginScreenViewController.swift */ = {isa = PBXFileReference; lastKnownFileType = sourcecode.swift; path = LoginScreenViewController.swift; sourceTree = "<group>"; };
		F55C890420B779C9001100C1 /* Base */ = {isa = PBXFileReference; lastKnownFileType = file.storyboard; name = Base; path = Base.lproj/Main.storyboard; sourceTree = "<group>"; };
		F55C890620B779CA001100C1 /* Assets.xcassets */ = {isa = PBXFileReference; lastKnownFileType = folder.assetcatalog; path = Assets.xcassets; sourceTree = "<group>"; };
		F55C890920B779CA001100C1 /* Base */ = {isa = PBXFileReference; lastKnownFileType = file.storyboard; name = Base; path = Base.lproj/LaunchScreen.storyboard; sourceTree = "<group>"; };
		F55C890B20B779CA001100C1 /* Info.plist */ = {isa = PBXFileReference; lastKnownFileType = text.plist.xml; path = Info.plist; sourceTree = "<group>"; };
		F55C891020B779CA001100C1 /* messagingappTests.xctest */ = {isa = PBXFileReference; explicitFileType = wrapper.cfbundle; includeInIndex = 0; path = messagingappTests.xctest; sourceTree = BUILT_PRODUCTS_DIR; };
		F55C891420B779CA001100C1 /* messagingappTests.swift */ = {isa = PBXFileReference; lastKnownFileType = sourcecode.swift; path = messagingappTests.swift; sourceTree = "<group>"; };
		F55C891620B779CA001100C1 /* Info.plist */ = {isa = PBXFileReference; lastKnownFileType = text.plist.xml; path = Info.plist; sourceTree = "<group>"; };
		F55C891B20B779CA001100C1 /* messagingappUITests.xctest */ = {isa = PBXFileReference; explicitFileType = wrapper.cfbundle; includeInIndex = 0; path = messagingappUITests.xctest; sourceTree = BUILT_PRODUCTS_DIR; };
		F55C891F20B779CA001100C1 /* messagingappUITests.swift */ = {isa = PBXFileReference; lastKnownFileType = sourcecode.swift; path = messagingappUITests.swift; sourceTree = "<group>"; };
		F55C892120B779CA001100C1 /* Info.plist */ = {isa = PBXFileReference; lastKnownFileType = text.plist.xml; path = Info.plist; sourceTree = "<group>"; };
		F55C892D20B77F5B001100C1 /* GoogleService-Info.plist */ = {isa = PBXFileReference; fileEncoding = 4; lastKnownFileType = text.plist.xml; name = "GoogleService-Info.plist"; path = "../../../../Downloads/GoogleService-Info.plist"; sourceTree = "<group>"; };
		F5994D6F20B786450071DEEF /* MessageListViewController.swift */ = {isa = PBXFileReference; lastKnownFileType = sourcecode.swift; path = MessageListViewController.swift; sourceTree = "<group>"; };
		F5994D7120B786FF0071DEEF /* MessageEditorViewController.swift */ = {isa = PBXFileReference; lastKnownFileType = sourcecode.swift; path = MessageEditorViewController.swift; sourceTree = "<group>"; };
/* End PBXFileReference section */

/* Begin PBXFrameworksBuildPhase section */
		F55C88F920B779C9001100C1 /* Frameworks */ = {
			isa = PBXFrameworksBuildPhase;
			buildActionMask = 2147483647;
			files = (
				BE8DFFAFCC111BC80448697D /* Pods_messagingapp.framework in Frameworks */,
			);
			runOnlyForDeploymentPostprocessing = 0;
		};
		F55C890D20B779CA001100C1 /* Frameworks */ = {
			isa = PBXFrameworksBuildPhase;
			buildActionMask = 2147483647;
			files = (
				A20A5FA62C19DC1B24FD73F5 /* Pods_messagingappTests.framework in Frameworks */,
			);
			runOnlyForDeploymentPostprocessing = 0;
		};
		F55C891820B779CA001100C1 /* Frameworks */ = {
			isa = PBXFrameworksBuildPhase;
			buildActionMask = 2147483647;
			files = (
				A2C70156A6901DC757ABDAF2 /* Pods_messagingappUITests.framework in Frameworks */,
			);
			runOnlyForDeploymentPostprocessing = 0;
		};
/* End PBXFrameworksBuildPhase section */

/* Begin PBXGroup section */
		CBC91661A51E3EF25C8BA53B /* Frameworks */ = {
			isa = PBXGroup;
			children = (
				90271C22241C6C930661E3CC /* Pods_messagingapp.framework */,
				0594FD02CCABE03405466F7E /* Pods_messagingappTests.framework */,
				E166ACFCDDBDF8675BC5C4A2 /* Pods_messagingappUITests.framework */,
			);
			name = Frameworks;
			sourceTree = "<group>";
		};
		E9F211C9C64C0505D13393D8 /* Pods */ = {
			isa = PBXGroup;
			children = (
				C2C277DD624750EED3BDC9D6 /* Pods-messagingapp.debug.xcconfig */,
				A6B053A4CEE5763828067111 /* Pods-messagingapp.release.xcconfig */,
				BB6F24BB70D10DFC8B8538B1 /* Pods-messagingappTests.debug.xcconfig */,
				5F262D135DA5DA2086D43BB3 /* Pods-messagingappTests.release.xcconfig */,
				D7AC058A6151AA88C36F6633 /* Pods-messagingappUITests.debug.xcconfig */,
				61AD7560DDA2CF25F05E9FB6 /* Pods-messagingappUITests.release.xcconfig */,
			);
			name = Pods;
			sourceTree = "<group>";
		};
		F55C88F320B779C9001100C1 = {
			isa = PBXGroup;
			children = (
				F55C88FE20B779C9001100C1 /* messagingapp */,
				F55C891320B779CA001100C1 /* messagingappTests */,
				F55C891E20B779CA001100C1 /* messagingappUITests */,
				F55C88FD20B779C9001100C1 /* Products */,
				E9F211C9C64C0505D13393D8 /* Pods */,
				CBC91661A51E3EF25C8BA53B /* Frameworks */,
			);
			sourceTree = "<group>";
		};
		F55C88FD20B779C9001100C1 /* Products */ = {
			isa = PBXGroup;
			children = (
				F55C88FC20B779C9001100C1 /* messagingapp.app */,
				F55C891020B779CA001100C1 /* messagingappTests.xctest */,
				F55C891B20B779CA001100C1 /* messagingappUITests.xctest */,
			);
			name = Products;
			sourceTree = "<group>";
		};
		F55C88FE20B779C9001100C1 /* messagingapp */ = {
			isa = PBXGroup;
			children = (
				F55C88FF20B779C9001100C1 /* AppDelegate.swift */,
				F55C890120B779C9001100C1 /* LoginScreenViewController.swift */,
				F55C890320B779C9001100C1 /* Main.storyboard */,
				F55C890620B779CA001100C1 /* Assets.xcassets */,
				F55C890820B779CA001100C1 /* LaunchScreen.storyboard */,
				F55C890B20B779CA001100C1 /* Info.plist */,
				F55C892D20B77F5B001100C1 /* GoogleService-Info.plist */,
				F5994D6F20B786450071DEEF /* MessageListViewController.swift */,
				F5994D7120B786FF0071DEEF /* MessageEditorViewController.swift */,
			);
			path = messagingapp;
			sourceTree = "<group>";
		};
		F55C891320B779CA001100C1 /* messagingappTests */ = {
			isa = PBXGroup;
			children = (
				F55C891420B779CA001100C1 /* messagingappTests.swift */,
				F55C891620B779CA001100C1 /* Info.plist */,
			);
			path = messagingappTests;
			sourceTree = "<group>";
		};
		F55C891E20B779CA001100C1 /* messagingappUITests */ = {
			isa = PBXGroup;
			children = (
				F55C891F20B779CA001100C1 /* messagingappUITests.swift */,
				F55C892120B779CA001100C1 /* Info.plist */,
			);
			path = messagingappUITests;
			sourceTree = "<group>";
		};
/* End PBXGroup section */

/* Begin PBXNativeTarget section */
		F55C88FB20B779C9001100C1 /* messagingapp */ = {
			isa = PBXNativeTarget;
			buildConfigurationList = F55C892420B779CA001100C1 /* Build configuration list for PBXNativeTarget "messagingapp" */;
			buildPhases = (
				B377805CEFED86065FD3BC9A /* [CP] Check Pods Manifest.lock */,
				F55C88F820B779C9001100C1 /* Sources */,
				F55C88F920B779C9001100C1 /* Frameworks */,
				F55C88FA20B779C9001100C1 /* Resources */,
				224FB49F1C370CF1E170A92E /* [CP] Embed Pods Frameworks */,
			);
			buildRules = (
			);
			dependencies = (
			);
			name = messagingapp;
			productName = messagingapp;
			productReference = F55C88FC20B779C9001100C1 /* messagingapp.app */;
			productType = "com.apple.product-type.application";
		};
		F55C890F20B779CA001100C1 /* messagingappTests */ = {
			isa = PBXNativeTarget;
			buildConfigurationList = F55C892720B779CA001100C1 /* Build configuration list for PBXNativeTarget "messagingappTests" */;
			buildPhases = (
				FC0054C949D9E95D364A30E0 /* [CP] Check Pods Manifest.lock */,
				F55C890C20B779CA001100C1 /* Sources */,
				F55C890D20B779CA001100C1 /* Frameworks */,
				F55C890E20B779CA001100C1 /* Resources */,
			);
			buildRules = (
			);
			dependencies = (
				F55C891220B779CA001100C1 /* PBXTargetDependency */,
			);
			name = messagingappTests;
			productName = messagingappTests;
			productReference = F55C891020B779CA001100C1 /* messagingappTests.xctest */;
			productType = "com.apple.product-type.bundle.unit-test";
		};
		F55C891A20B779CA001100C1 /* messagingappUITests */ = {
			isa = PBXNativeTarget;
			buildConfigurationList = F55C892A20B779CA001100C1 /* Build configuration list for PBXNativeTarget "messagingappUITests" */;
			buildPhases = (
				6633A30C2A08604F36E4A53C /* [CP] Check Pods Manifest.lock */,
				F55C891720B779CA001100C1 /* Sources */,
				F55C891820B779CA001100C1 /* Frameworks */,
				F55C891920B779CA001100C1 /* Resources */,
			);
			buildRules = (
			);
			dependencies = (
				F55C891D20B779CA001100C1 /* PBXTargetDependency */,
			);
			name = messagingappUITests;
			productName = messagingappUITests;
			productReference = F55C891B20B779CA001100C1 /* messagingappUITests.xctest */;
			productType = "com.apple.product-type.bundle.ui-testing";
		};
/* End PBXNativeTarget section */

/* Begin PBXProject section */
		F55C88F420B779C9001100C1 /* Project object */ = {
			isa = PBXProject;
			attributes = {
				LastSwiftUpdateCheck = 0930;
				LastUpgradeCheck = 0930;
				ORGANIZATIONNAME = "Ian Lamothe";
				TargetAttributes = {
					F55C88FB20B779C9001100C1 = {
						CreatedOnToolsVersion = 9.3.1;
					};
					F55C890F20B779CA001100C1 = {
						CreatedOnToolsVersion = 9.3.1;
						TestTargetID = F55C88FB20B779C9001100C1;
					};
					F55C891A20B779CA001100C1 = {
						CreatedOnToolsVersion = 9.3.1;
						TestTargetID = F55C88FB20B779C9001100C1;
					};
				};
			};
			buildConfigurationList = F55C88F720B779C9001100C1 /* Build configuration list for PBXProject "messagingapp" */;
			compatibilityVersion = "Xcode 9.3";
			developmentRegion = en;
			hasScannedForEncodings = 0;
			knownRegions = (
				en,
				Base,
			);
			mainGroup = F55C88F320B779C9001100C1;
			productRefGroup = F55C88FD20B779C9001100C1 /* Products */;
			projectDirPath = "";
			projectRoot = "";
			targets = (
				F55C88FB20B779C9001100C1 /* messagingapp */,
				F55C890F20B779CA001100C1 /* messagingappTests */,
				F55C891A20B779CA001100C1 /* messagingappUITests */,
			);
		};
/* End PBXProject section */

/* Begin PBXResourcesBuildPhase section */
		F55C88FA20B779C9001100C1 /* Resources */ = {
			isa = PBXResourcesBuildPhase;
			buildActionMask = 2147483647;
			files = (
				F55C890A20B779CA001100C1 /* LaunchScreen.storyboard in Resources */,
				F55C892E20B77F5B001100C1 /* GoogleService-Info.plist in Resources */,
				F55C890720B779CA001100C1 /* Assets.xcassets in Resources */,
				F55C890520B779C9001100C1 /* Main.storyboard in Resources */,
			);
			runOnlyForDeploymentPostprocessing = 0;
		};
		F55C890E20B779CA001100C1 /* Resources */ = {
			isa = PBXResourcesBuildPhase;
			buildActionMask = 2147483647;
			files = (
			);
			runOnlyForDeploymentPostprocessing = 0;
		};
		F55C891920B779CA001100C1 /* Resources */ = {
			isa = PBXResourcesBuildPhase;
			buildActionMask = 2147483647;
			files = (
			);
			runOnlyForDeploymentPostprocessing = 0;
		};
/* End PBXResourcesBuildPhase section */

/* Begin PBXShellScriptBuildPhase section */
		224FB49F1C370CF1E170A92E /* [CP] Embed Pods Frameworks */ = {
			isa = PBXShellScriptBuildPhase;
			buildActionMask = 2147483647;
			files = (
			);
			inputPaths = (
				"${SRCROOT}/Pods/Target Support Files/Pods-messagingapp/Pods-messagingapp-frameworks.sh",
				"${BUILT_PRODUCTS_DIR}/GoogleToolboxForMac/GoogleToolboxForMac.framework",
				"${BUILT_PRODUCTS_DIR}/leveldb-library/leveldb.framework",
				"${BUILT_PRODUCTS_DIR}/nanopb/nanopb.framework",
			);
			name = "[CP] Embed Pods Frameworks";
			outputPaths = (
				"${TARGET_BUILD_DIR}/${FRAMEWORKS_FOLDER_PATH}/GoogleToolboxForMac.framework",
				"${TARGET_BUILD_DIR}/${FRAMEWORKS_FOLDER_PATH}/leveldb.framework",
				"${TARGET_BUILD_DIR}/${FRAMEWORKS_FOLDER_PATH}/nanopb.framework",
			);
			runOnlyForDeploymentPostprocessing = 0;
			shellPath = /bin/sh;
			shellScript = "\"${SRCROOT}/Pods/Target Support Files/Pods-messagingapp/Pods-messagingapp-frameworks.sh\"\n";
			showEnvVarsInLog = 0;
		};
		6633A30C2A08604F36E4A53C /* [CP] Check Pods Manifest.lock */ = {
			isa = PBXShellScriptBuildPhase;
			buildActionMask = 2147483647;
			files = (
			);
			inputPaths = (
				"${PODS_PODFILE_DIR_PATH}/Podfile.lock",
				"${PODS_ROOT}/Manifest.lock",
			);
			name = "[CP] Check Pods Manifest.lock";
			outputPaths = (
				"$(DERIVED_FILE_DIR)/Pods-messagingappUITests-checkManifestLockResult.txt",
			);
			runOnlyForDeploymentPostprocessing = 0;
			shellPath = /bin/sh;
			shellScript = "diff \"${PODS_PODFILE_DIR_PATH}/Podfile.lock\" \"${PODS_ROOT}/Manifest.lock\" > /dev/null\nif [ $? != 0 ] ; then\n    # print error to STDERR\n    echo \"error: The sandbox is not in sync with the Podfile.lock. Run 'pod install' or update your CocoaPods installation.\" >&2\n    exit 1\nfi\n# This output is used by Xcode 'outputs' to avoid re-running this script phase.\necho \"SUCCESS\" > \"${SCRIPT_OUTPUT_FILE_0}\"\n";
			showEnvVarsInLog = 0;
		};
		B377805CEFED86065FD3BC9A /* [CP] Check Pods Manifest.lock */ = {
			isa = PBXShellScriptBuildPhase;
			buildActionMask = 2147483647;
			files = (
			);
			inputPaths = (
				"${PODS_PODFILE_DIR_PATH}/Podfile.lock",
				"${PODS_ROOT}/Manifest.lock",
			);
			name = "[CP] Check Pods Manifest.lock";
			outputPaths = (
				"$(DERIVED_FILE_DIR)/Pods-messagingapp-checkManifestLockResult.txt",
			);
			runOnlyForDeploymentPostprocessing = 0;
			shellPath = /bin/sh;
			shellScript = "diff \"${PODS_PODFILE_DIR_PATH}/Podfile.lock\" \"${PODS_ROOT}/Manifest.lock\" > /dev/null\nif [ $? != 0 ] ; then\n    # print error to STDERR\n    echo \"error: The sandbox is not in sync with the Podfile.lock. Run 'pod install' or update your CocoaPods installation.\" >&2\n    exit 1\nfi\n# This output is used by Xcode 'outputs' to avoid re-running this script phase.\necho \"SUCCESS\" > \"${SCRIPT_OUTPUT_FILE_0}\"\n";
			showEnvVarsInLog = 0;
		};
		FC0054C949D9E95D364A30E0 /* [CP] Check Pods Manifest.lock */ = {
			isa = PBXShellScriptBuildPhase;
			buildActionMask = 2147483647;
			files = (
			);
			inputPaths = (
				"${PODS_PODFILE_DIR_PATH}/Podfile.lock",
				"${PODS_ROOT}/Manifest.lock",
			);
			name = "[CP] Check Pods Manifest.lock";
			outputPaths = (
				"$(DERIVED_FILE_DIR)/Pods-messagingappTests-checkManifestLockResult.txt",
			);
			runOnlyForDeploymentPostprocessing = 0;
			shellPath = /bin/sh;
			shellScript = "diff \"${PODS_PODFILE_DIR_PATH}/Podfile.lock\" \"${PODS_ROOT}/Manifest.lock\" > /dev/null\nif [ $? != 0 ] ; then\n    # print error to STDERR\n    echo \"error: The sandbox is not in sync with the Podfile.lock. Run 'pod install' or update your CocoaPods installation.\" >&2\n    exit 1\nfi\n# This output is used by Xcode 'outputs' to avoid re-running this script phase.\necho \"SUCCESS\" > \"${SCRIPT_OUTPUT_FILE_0}\"\n";
			showEnvVarsInLog = 0;
		};
/* End PBXShellScriptBuildPhase section */

/* Begin PBXSourcesBuildPhase section */
		F55C88F820B779C9001100C1 /* Sources */ = {
			isa = PBXSourcesBuildPhase;
			buildActionMask = 2147483647;
			files = (
				F5994D7020B786450071DEEF /* MessageListViewController.swift in Sources */,
				F5994D7220B786FF0071DEEF /* MessageEditorViewController.swift in Sources */,
				F55C890220B779C9001100C1 /* LoginScreenViewController.swift in Sources */,
				F55C890020B779C9001100C1 /* AppDelegate.swift in Sources */,
			);
			runOnlyForDeploymentPostprocessing = 0;
		};
		F55C890C20B779CA001100C1 /* Sources */ = {
			isa = PBXSourcesBuildPhase;
			buildActionMask = 2147483647;
			files = (
				F55C891520B779CA001100C1 /* messagingappTests.swift in Sources */,
			);
			runOnlyForDeploymentPostprocessing = 0;
		};
		F55C891720B779CA001100C1 /* Sources */ = {
			isa = PBXSourcesBuildPhase;
			buildActionMask = 2147483647;
			files = (
				F55C892020B779CA001100C1 /* messagingappUITests.swift in Sources */,
			);
			runOnlyForDeploymentPostprocessing = 0;
		};
/* End PBXSourcesBuildPhase section */

/* Begin PBXTargetDependency section */
		F55C891220B779CA001100C1 /* PBXTargetDependency */ = {
			isa = PBXTargetDependency;
			target = F55C88FB20B779C9001100C1 /* messagingapp */;
			targetProxy = F55C891120B779CA001100C1 /* PBXContainerItemProxy */;
		};
		F55C891D20B779CA001100C1 /* PBXTargetDependency */ = {
			isa = PBXTargetDependency;
			target = F55C88FB20B779C9001100C1 /* messagingapp */;
			targetProxy = F55C891C20B779CA001100C1 /* PBXContainerItemProxy */;
		};
/* End PBXTargetDependency section */

/* Begin PBXVariantGroup section */
		F55C890320B779C9001100C1 /* Main.storyboard */ = {
			isa = PBXVariantGroup;
			children = (
				F55C890420B779C9001100C1 /* Base */,
			);
			name = Main.storyboard;
			sourceTree = "<group>";
		};
		F55C890820B779CA001100C1 /* LaunchScreen.storyboard */ = {
			isa = PBXVariantGroup;
			children = (
				F55C890920B779CA001100C1 /* Base */,
			);
			name = LaunchScreen.storyboard;
			sourceTree = "<group>";
		};
/* End PBXVariantGroup section */

/* Begin XCBuildConfiguration section */
		F55C892220B779CA001100C1 /* Debug */ = {
			isa = XCBuildConfiguration;
			buildSettings = {
				ALWAYS_SEARCH_USER_PATHS = NO;
				CLANG_ANALYZER_NONNULL = YES;
				CLANG_ANALYZER_NUMBER_OBJECT_CONVERSION = YES_AGGRESSIVE;
				CLANG_CXX_LANGUAGE_STANDARD = "gnu++14";
				CLANG_CXX_LIBRARY = "libc++";
				CLANG_ENABLE_MODULES = YES;
				CLANG_ENABLE_OBJC_ARC = YES;
				CLANG_ENABLE_OBJC_WEAK = YES;
				CLANG_WARN_BLOCK_CAPTURE_AUTORELEASING = YES;
				CLANG_WARN_BOOL_CONVERSION = YES;
				CLANG_WARN_COMMA = YES;
				CLANG_WARN_CONSTANT_CONVERSION = YES;
				CLANG_WARN_DEPRECATED_OBJC_IMPLEMENTATIONS = YES;
				CLANG_WARN_DIRECT_OBJC_ISA_USAGE = YES_ERROR;
				CLANG_WARN_DOCUMENTATION_COMMENTS = YES;
				CLANG_WARN_EMPTY_BODY = YES;
				CLANG_WARN_ENUM_CONVERSION = YES;
				CLANG_WARN_INFINITE_RECURSION = YES;
				CLANG_WARN_INT_CONVERSION = YES;
				CLANG_WARN_NON_LITERAL_NULL_CONVERSION = YES;
				CLANG_WARN_OBJC_IMPLICIT_RETAIN_SELF = YES;
				CLANG_WARN_OBJC_LITERAL_CONVERSION = YES;
				CLANG_WARN_OBJC_ROOT_CLASS = YES_ERROR;
				CLANG_WARN_RANGE_LOOP_ANALYSIS = YES;
				CLANG_WARN_STRICT_PROTOTYPES = YES;
				CLANG_WARN_SUSPICIOUS_MOVE = YES;
				CLANG_WARN_UNGUARDED_AVAILABILITY = YES_AGGRESSIVE;
				CLANG_WARN_UNREACHABLE_CODE = YES;
				CLANG_WARN__DUPLICATE_METHOD_MATCH = YES;
				CODE_SIGN_IDENTITY = "iPhone Developer";
				COPY_PHASE_STRIP = NO;
				DEBUG_INFORMATION_FORMAT = dwarf;
				ENABLE_STRICT_OBJC_MSGSEND = YES;
				ENABLE_TESTABILITY = YES;
				GCC_C_LANGUAGE_STANDARD = gnu11;
				GCC_DYNAMIC_NO_PIC = NO;
				GCC_NO_COMMON_BLOCKS = YES;
				GCC_OPTIMIZATION_LEVEL = 0;
				GCC_PREPROCESSOR_DEFINITIONS = (
					"DEBUG=1",
					"$(inherited)",
				);
				GCC_WARN_64_TO_32_BIT_CONVERSION = YES;
				GCC_WARN_ABOUT_RETURN_TYPE = YES_ERROR;
				GCC_WARN_UNDECLARED_SELECTOR = YES;
				GCC_WARN_UNINITIALIZED_AUTOS = YES_AGGRESSIVE;
				GCC_WARN_UNUSED_FUNCTION = YES;
				GCC_WARN_UNUSED_VARIABLE = YES;
				IPHONEOS_DEPLOYMENT_TARGET = 11.3;
				MTL_ENABLE_DEBUG_INFO = YES;
				ONLY_ACTIVE_ARCH = YES;
				SDKROOT = iphoneos;
				SWIFT_ACTIVE_COMPILATION_CONDITIONS = DEBUG;
				SWIFT_OPTIMIZATION_LEVEL = "-Onone";
			};
			name = Debug;
		};
		F55C892320B779CA001100C1 /* Release */ = {
			isa = XCBuildConfiguration;
			buildSettings = {
				ALWAYS_SEARCH_USER_PATHS = NO;
				CLANG_ANALYZER_NONNULL = YES;
				CLANG_ANALYZER_NUMBER_OBJECT_CONVERSION = YES_AGGRESSIVE;
				CLANG_CXX_LANGUAGE_STANDARD = "gnu++14";
				CLANG_CXX_LIBRARY = "libc++";
				CLANG_ENABLE_MODULES = YES;
				CLANG_ENABLE_OBJC_ARC = YES;
				CLANG_ENABLE_OBJC_WEAK = YES;
				CLANG_WARN_BLOCK_CAPTURE_AUTORELEASING = YES;
				CLANG_WARN_BOOL_CONVERSION = YES;
				CLANG_WARN_COMMA = YES;
				CLANG_WARN_CONSTANT_CONVERSION = YES;
				CLANG_WARN_DEPRECATED_OBJC_IMPLEMENTATIONS = YES;
				CLANG_WARN_DIRECT_OBJC_ISA_USAGE = YES_ERROR;
				CLANG_WARN_DOCUMENTATION_COMMENTS = YES;
				CLANG_WARN_EMPTY_BODY = YES;
				CLANG_WARN_ENUM_CONVERSION = YES;
				CLANG_WARN_INFINITE_RECURSION = YES;
				CLANG_WARN_INT_CONVERSION = YES;
				CLANG_WARN_NON_LITERAL_NULL_CONVERSION = YES;
				CLANG_WARN_OBJC_IMPLICIT_RETAIN_SELF = YES;
				CLANG_WARN_OBJC_LITERAL_CONVERSION = YES;
				CLANG_WARN_OBJC_ROOT_CLASS = YES_ERROR;
				CLANG_WARN_RANGE_LOOP_ANALYSIS = YES;
				CLANG_WARN_STRICT_PROTOTYPES = YES;
				CLANG_WARN_SUSPICIOUS_MOVE = YES;
				CLANG_WARN_UNGUARDED_AVAILABILITY = YES_AGGRESSIVE;
				CLANG_WARN_UNREACHABLE_CODE = YES;
				CLANG_WARN__DUPLICATE_METHOD_MATCH = YES;
				CODE_SIGN_IDENTITY = "iPhone Developer";
				COPY_PHASE_STRIP = NO;
				DEBUG_INFORMATION_FORMAT = "dwarf-with-dsym";
				ENABLE_NS_ASSERTIONS = NO;
				ENABLE_STRICT_OBJC_MSGSEND = YES;
				GCC_C_LANGUAGE_STANDARD = gnu11;
				GCC_NO_COMMON_BLOCKS = YES;
				GCC_WARN_64_TO_32_BIT_CONVERSION = YES;
				GCC_WARN_ABOUT_RETURN_TYPE = YES_ERROR;
				GCC_WARN_UNDECLARED_SELECTOR = YES;
				GCC_WARN_UNINITIALIZED_AUTOS = YES_AGGRESSIVE;
				GCC_WARN_UNUSED_FUNCTION = YES;
				GCC_WARN_UNUSED_VARIABLE = YES;
				IPHONEOS_DEPLOYMENT_TARGET = 11.3;
				MTL_ENABLE_DEBUG_INFO = NO;
				SDKROOT = iphoneos;
				SWIFT_COMPILATION_MODE = wholemodule;
				SWIFT_OPTIMIZATION_LEVEL = "-O";
				VALIDATE_PRODUCT = YES;
			};
			name = Release;
		};
		F55C892520B779CA001100C1 /* Debug */ = {
			isa = XCBuildConfiguration;
			baseConfigurationReference = C2C277DD624750EED3BDC9D6 /* Pods-messagingapp.debug.xcconfig */;
			buildSettings = {
				ASSETCATALOG_COMPILER_APPICON_NAME = AppIcon;
				CODE_SIGN_STYLE = Automatic;
				DEVELOPMENT_TEAM = H8B4D95Y5D;
				INFOPLIST_FILE = messagingapp/Info.plist;
				LD_RUNPATH_SEARCH_PATHS = "$(inherited) @executable_path/Frameworks";
				PRODUCT_BUNDLE_IDENTIFIER = com.DigitalGrounds.messagingapp;
				PRODUCT_NAME = "$(TARGET_NAME)";
				SWIFT_VERSION = 4.0;
				TARGETED_DEVICE_FAMILY = "1,2";
			};
			name = Debug;
		};
		F55C892620B779CA001100C1 /* Release */ = {
			isa = XCBuildConfiguration;
			baseConfigurationReference = A6B053A4CEE5763828067111 /* Pods-messagingapp.release.xcconfig */;
			buildSettings = {
				ASSETCATALOG_COMPILER_APPICON_NAME = AppIcon;
				CODE_SIGN_STYLE = Automatic;
				DEVELOPMENT_TEAM = H8B4D95Y5D;
				INFOPLIST_FILE = messagingapp/Info.plist;
				LD_RUNPATH_SEARCH_PATHS = "$(inherited) @executable_path/Frameworks";
				PRODUCT_BUNDLE_IDENTIFIER = com.DigitalGrounds.messagingapp;
				PRODUCT_NAME = "$(TARGET_NAME)";
				SWIFT_VERSION = 4.0;
				TARGETED_DEVICE_FAMILY = "1,2";
			};
			name = Release;
		};
		F55C892820B779CA001100C1 /* Debug */ = {
			isa = XCBuildConfiguration;
			baseConfigurationReference = BB6F24BB70D10DFC8B8538B1 /* Pods-messagingappTests.debug.xcconfig */;
			buildSettings = {
				ALWAYS_EMBED_SWIFT_STANDARD_LIBRARIES = YES;
				BUNDLE_LOADER = "$(TEST_HOST)";
				CODE_SIGN_STYLE = Automatic;
				DEVELOPMENT_TEAM = H8B4D95Y5D;
				INFOPLIST_FILE = messagingappTests/Info.plist;
				LD_RUNPATH_SEARCH_PATHS = "$(inherited) @executable_path/Frameworks @loader_path/Frameworks";
				PRODUCT_BUNDLE_IDENTIFIER = com.DigitalGrounds.messagingappTests;
				PRODUCT_NAME = "$(TARGET_NAME)";
				SWIFT_VERSION = 4.0;
				TARGETED_DEVICE_FAMILY = "1,2";
				TEST_HOST = "$(BUILT_PRODUCTS_DIR)/messagingapp.app/messagingapp";
			};
			name = Debug;
		};
		F55C892920B779CA001100C1 /* Release */ = {
			isa = XCBuildConfiguration;
			baseConfigurationReference = 5F262D135DA5DA2086D43BB3 /* Pods-messagingappTests.release.xcconfig */;
			buildSettings = {
				ALWAYS_EMBED_SWIFT_STANDARD_LIBRARIES = YES;
				BUNDLE_LOADER = "$(TEST_HOST)";
				CODE_SIGN_STYLE = Automatic;
				DEVELOPMENT_TEAM = H8B4D95Y5D;
				INFOPLIST_FILE = messagingappTests/Info.plist;
				LD_RUNPATH_SEARCH_PATHS = "$(inherited) @executable_path/Frameworks @loader_path/Frameworks";
				PRODUCT_BUNDLE_IDENTIFIER = com.DigitalGrounds.messagingappTests;
				PRODUCT_NAME = "$(TARGET_NAME)";
				SWIFT_VERSION = 4.0;
				TARGETED_DEVICE_FAMILY = "1,2";
				TEST_HOST = "$(BUILT_PRODUCTS_DIR)/messagingapp.app/messagingapp";
			};
			name = Release;
		};
		F55C892B20B779CA001100C1 /* Debug */ = {
			isa = XCBuildConfiguration;
			baseConfigurationReference = D7AC058A6151AA88C36F6633 /* Pods-messagingappUITests.debug.xcconfig */;
			buildSettings = {
				ALWAYS_EMBED_SWIFT_STANDARD_LIBRARIES = YES;
				CODE_SIGN_STYLE = Automatic;
				DEVELOPMENT_TEAM = H8B4D95Y5D;
				INFOPLIST_FILE = messagingappUITests/Info.plist;
				LD_RUNPATH_SEARCH_PATHS = "$(inherited) @executable_path/Frameworks @loader_path/Frameworks";
				PRODUCT_BUNDLE_IDENTIFIER = com.DigitalGrounds.messagingappUITests;
				PRODUCT_NAME = "$(TARGET_NAME)";
				SWIFT_VERSION = 4.0;
				TARGETED_DEVICE_FAMILY = "1,2";
				TEST_TARGET_NAME = messagingapp;
			};
			name = Debug;
		};
		F55C892C20B779CA001100C1 /* Release */ = {
			isa = XCBuildConfiguration;
			baseConfigurationReference = 61AD7560DDA2CF25F05E9FB6 /* Pods-messagingappUITests.release.xcconfig */;
			buildSettings = {
				ALWAYS_EMBED_SWIFT_STANDARD_LIBRARIES = YES;
				CODE_SIGN_STYLE = Automatic;
				DEVELOPMENT_TEAM = H8B4D95Y5D;
				INFOPLIST_FILE = messagingappUITests/Info.plist;
				LD_RUNPATH_SEARCH_PATHS = "$(inherited) @executable_path/Frameworks @loader_path/Frameworks";
				PRODUCT_BUNDLE_IDENTIFIER = com.DigitalGrounds.messagingappUITests;
				PRODUCT_NAME = "$(TARGET_NAME)";
				SWIFT_VERSION = 4.0;
				TARGETED_DEVICE_FAMILY = "1,2";
				TEST_TARGET_NAME = messagingapp;
			};
			name = Release;
		};
/* End XCBuildConfiguration section */

/* Begin XCConfigurationList section */
		F55C88F720B779C9001100C1 /* Build configuration list for PBXProject "messagingapp" */ = {
			isa = XCConfigurationList;
			buildConfigurations = (
				F55C892220B779CA001100C1 /* Debug */,
				F55C892320B779CA001100C1 /* Release */,
			);
			defaultConfigurationIsVisible = 0;
			defaultConfigurationName = Release;
		};
		F55C892420B779CA001100C1 /* Build configuration list for PBXNativeTarget "messagingapp" */ = {
			isa = XCConfigurationList;
			buildConfigurations = (
				F55C892520B779CA001100C1 /* Debug */,
				F55C892620B779CA001100C1 /* Release */,
			);
			defaultConfigurationIsVisible = 0;
			defaultConfigurationName = Release;
		};
		F55C892720B779CA001100C1 /* Build configuration list for PBXNativeTarget "messagingappTests" */ = {
			isa = XCConfigurationList;
			buildConfigurations = (
				F55C892820B779CA001100C1 /* Debug */,
				F55C892920B779CA001100C1 /* Release */,
			);
			defaultConfigurationIsVisible = 0;
			defaultConfigurationName = Release;
		};
		F55C892A20B779CA001100C1 /* Build configuration list for PBXNativeTarget "messagingappUITests" */ = {
			isa = XCConfigurationList;
			buildConfigurations = (
				F55C892B20B779CA001100C1 /* Debug */,
				F55C892C20B779CA001100C1 /* Release */,
			);
			defaultConfigurationIsVisible = 0;
			defaultConfigurationName = Release;
		};
/* End XCConfigurationList section */
	};
	rootObject = F55C88F420B779C9001100C1 /* Project object */;
}
